// !$*UTF8*$!
{
	archiveVersion = 1;
	classes = {
	};
	objectVersion = 77;
	objects = {

/* Begin PBXContainerItemProxy section */
		C1B684A62D82D31600CA4D3C /* PBXContainerItemProxy */ = {
			isa = PBXContainerItemProxy;
			containerPortal = C1B684822D82D31500CA4D3C /* Project object */;
			proxyType = 1;
			remoteGlobalIDString = C1B684892D82D31500CA4D3C;
			remoteInfo = CrashItMam;
		};
		C1B684B02D82D31600CA4D3C /* PBXContainerItemProxy */ = {
			isa = PBXContainerItemProxy;
			containerPortal = C1B684822D82D31500CA4D3C /* Project object */;
			proxyType = 1;
			remoteGlobalIDString = C1B684892D82D31500CA4D3C;
			remoteInfo = CrashItMam;
		};
/* End PBXContainerItemProxy section */

/* Begin PBXFileReference section */
		C1B6848A2D82D31500CA4D3C /* CrashItMam.app */ = {isa = PBXFileReference; explicitFileType = wrapper.application; includeInIndex = 0; path = CrashItMam.app; sourceTree = BUILT_PRODUCTS_DIR; };
		C1B684A52D82D31600CA4D3C /* CrashItMamTests.xctest */ = {isa = PBXFileReference; explicitFileType = wrapper.cfbundle; includeInIndex = 0; path = CrashItMamTests.xctest; sourceTree = BUILT_PRODUCTS_DIR; };
		C1B684AF2D82D31600CA4D3C /* CrashItMamUITests.xctest */ = {isa = PBXFileReference; explicitFileType = wrapper.cfbundle; includeInIndex = 0; path = CrashItMamUITests.xctest; sourceTree = BUILT_PRODUCTS_DIR; };
/* End PBXFileReference section */

/* Begin PBXFileSystemSynchronizedBuildFileExceptionSet section */
		C1B684B72D82D31600CA4D3C /* Exceptions for "CrashItMam" folder in "CrashItMam" target */ = {
			isa = PBXFileSystemSynchronizedBuildFileExceptionSet;
			membershipExceptions = (
				Info.plist,
			);
			target = C1B684892D82D31500CA4D3C /* CrashItMam */;
		};
/* End PBXFileSystemSynchronizedBuildFileExceptionSet section */

/* Begin PBXFileSystemSynchronizedRootGroup section */
		C1B6848C2D82D31500CA4D3C /* CrashItMam */ = {
			isa = PBXFileSystemSynchronizedRootGroup;
			exceptions = (
				C1B684B72D82D31600CA4D3C /* Exceptions for "CrashItMam" folder in "CrashItMam" target */,
			);
			path = CrashItMam;
			sourceTree = "<group>";
		};
		C1B684A82D82D31600CA4D3C /* CrashItMamTests */ = {
			isa = PBXFileSystemSynchronizedRootGroup;
			path = CrashItMamTests;
			sourceTree = "<group>";
		};
		C1B684B22D82D31600CA4D3C /* CrashItMamUITests */ = {
			isa = PBXFileSystemSynchronizedRootGroup;
			path = CrashItMamUITests;
			sourceTree = "<group>";
		};
/* End PBXFileSystemSynchronizedRootGroup section */

/* Begin PBXFrameworksBuildPhase section */
		C1B684872D82D31500CA4D3C /* Frameworks */ = {
			isa = PBXFrameworksBuildPhase;
			buildActionMask = 2147483647;
			files = (
			);
			runOnlyForDeploymentPostprocessing = 0;
		};
		C1B684A22D82D31600CA4D3C /* Frameworks */ = {
			isa = PBXFrameworksBuildPhase;
			buildActionMask = 2147483647;
			files = (
			);
			runOnlyForDeploymentPostprocessing = 0;
		};
		C1B684AC2D82D31600CA4D3C /* Frameworks */ = {
			isa = PBXFrameworksBuildPhase;
			buildActionMask = 2147483647;
			files = (
			);
			runOnlyForDeploymentPostprocessing = 0;
		};
/* End PBXFrameworksBuildPhase section */

/* Begin PBXGroup section */
		C1B684812D82D31500CA4D3C = {
			isa = PBXGroup;
			children = (
				C1B6848C2D82D31500CA4D3C /* CrashItMam */,
				C1B684A82D82D31600CA4D3C /* CrashItMamTests */,
				C1B684B22D82D31600CA4D3C /* CrashItMamUITests */,
				C1B6848B2D82D31500CA4D3C /* Products */,
			);
			sourceTree = "<group>";
		};
		C1B6848B2D82D31500CA4D3C /* Products */ = {
			isa = PBXGroup;
			children = (
				C1B6848A2D82D31500CA4D3C /* CrashItMam.app */,
				C1B684A52D82D31600CA4D3C /* CrashItMamTests.xctest */,
				C1B684AF2D82D31600CA4D3C /* CrashItMamUITests.xctest */,
			);
			name = Products;
			sourceTree = "<group>";
		};
/* End PBXGroup section */

/* Begin PBXNativeTarget section */
		C1B684892D82D31500CA4D3C /* CrashItMam */ = {
			isa = PBXNativeTarget;
			buildConfigurationList = C1B684B82D82D31600CA4D3C /* Build configuration list for PBXNativeTarget "CrashItMam" */;
			buildPhases = (
				C1B684862D82D31500CA4D3C /* Sources */,
				C1B684872D82D31500CA4D3C /* Frameworks */,
				C1B684882D82D31500CA4D3C /* Resources */,
			);
			buildRules = (
			);
			dependencies = (
			);
			fileSystemSynchronizedGroups = (
				C1B6848C2D82D31500CA4D3C /* CrashItMam */,
			);
			name = CrashItMam;
			packageProductDependencies = (
			);
			productName = CrashItMam;
			productReference = C1B6848A2D82D31500CA4D3C /* CrashItMam.app */;
			productType = "com.apple.product-type.application";
		};
		C1B684A42D82D31600CA4D3C /* CrashItMamTests */ = {
			isa = PBXNativeTarget;
			buildConfigurationList = C1B684BD2D82D31600CA4D3C /* Build configuration list for PBXNativeTarget "CrashItMamTests" */;
			buildPhases = (
				C1B684A12D82D31600CA4D3C /* Sources */,
				C1B684A22D82D31600CA4D3C /* Frameworks */,
				C1B684A32D82D31600CA4D3C /* Resources */,
			);
			buildRules = (
			);
			dependencies = (
				C1B684A72D82D31600CA4D3C /* PBXTargetDependency */,
			);
			fileSystemSynchronizedGroups = (
				C1B684A82D82D31600CA4D3C /* CrashItMamTests */,
			);
			name = CrashItMamTests;
			packageProductDependencies = (
			);
			productName = CrashItMamTests;
			productReference = C1B684A52D82D31600CA4D3C /* CrashItMamTests.xctest */;
			productType = "com.apple.product-type.bundle.unit-test";
		};
		C1B684AE2D82D31600CA4D3C /* CrashItMamUITests */ = {
			isa = PBXNativeTarget;
			buildConfigurationList = C1B684C02D82D31600CA4D3C /* Build configuration list for PBXNativeTarget "CrashItMamUITests" */;
			buildPhases = (
				C1B684AB2D82D31600CA4D3C /* Sources */,
				C1B684AC2D82D31600CA4D3C /* Frameworks */,
				C1B684AD2D82D31600CA4D3C /* Resources */,
			);
			buildRules = (
			);
			dependencies = (
				C1B684B12D82D31600CA4D3C /* PBXTargetDependency */,
			);
			fileSystemSynchronizedGroups = (
				C1B684B22D82D31600CA4D3C /* CrashItMamUITests */,
			);
			name = CrashItMamUITests;
			packageProductDependencies = (
			);
			productName = CrashItMamUITests;
			productReference = C1B684AF2D82D31600CA4D3C /* CrashItMamUITests.xctest */;
			productType = "com.apple.product-type.bundle.ui-testing";
		};
/* End PBXNativeTarget section */

/* Begin PBXProject section */
		C1B684822D82D31500CA4D3C /* Project object */ = {
			isa = PBXProject;
			attributes = {
				BuildIndependentTargetsInParallel = 1;
				LastUpgradeCheck = 1620;
				TargetAttributes = {
					C1B684892D82D31500CA4D3C = {
						CreatedOnToolsVersion = 16.2;
					};
					C1B684A42D82D31600CA4D3C = {
						CreatedOnToolsVersion = 16.2;
						TestTargetID = C1B684892D82D31500CA4D3C;
					};
					C1B684AE2D82D31600CA4D3C = {
						CreatedOnToolsVersion = 16.2;
						TestTargetID = C1B684892D82D31500CA4D3C;
					};
				};
			};
			buildConfigurationList = C1B684852D82D31500CA4D3C /* Build configuration list for PBXProject "CrashItMam" */;
			developmentRegion = en;
			hasScannedForEncodings = 0;
			knownRegions = (
				en,
				Base,
			);
			mainGroup = C1B684812D82D31500CA4D3C;
			minimizedProjectReferenceProxies = 1;
			preferredProjectObjectVersion = 77;
			productRefGroup = C1B6848B2D82D31500CA4D3C /* Products */;
			projectDirPath = "";
			projectRoot = "";
			targets = (
				C1B684892D82D31500CA4D3C /* CrashItMam */,
				C1B684A42D82D31600CA4D3C /* CrashItMamTests */,
				C1B684AE2D82D31600CA4D3C /* CrashItMamUITests */,
			);
		};
/* End PBXProject section */

/* Begin PBXResourcesBuildPhase section */
		C1B684882D82D31500CA4D3C /* Resources */ = {
			isa = PBXResourcesBuildPhase;
			buildActionMask = 2147483647;
			files = (
			);
			runOnlyForDeploymentPostprocessing = 0;
		};
		C1B684A32D82D31600CA4D3C /* Resources */ = {
			isa = PBXResourcesBuildPhase;
			buildActionMask = 2147483647;
			files = (
			);
			runOnlyForDeploymentPostprocessing = 0;
		};
		C1B684AD2D82D31600CA4D3C /* Resources */ = {
			isa = PBXResourcesBuildPhase;
			buildActionMask = 2147483647;
			files = (
			);
			runOnlyForDeploymentPostprocessing = 0;
		};
/* End PBXResourcesBuildPhase section */

/* Begin PBXSourcesBuildPhase section */
		C1B684862D82D31500CA4D3C /* Sources */ = {
			isa = PBXSourcesBuildPhase;
			buildActionMask = 2147483647;
			files = (
			);
			runOnlyForDeploymentPostprocessing = 0;
		};
		C1B684A12D82D31600CA4D3C /* Sources */ = {
			isa = PBXSourcesBuildPhase;
			buildActionMask = 2147483647;
			files = (
			);
			runOnlyForDeploymentPostprocessing = 0;
		};
		C1B684AB2D82D31600CA4D3C /* Sources */ = {
			isa = PBXSourcesBuildPhase;
			buildActionMask = 2147483647;
			files = (
			);
			runOnlyForDeploymentPostprocessing = 0;
		};
/* End PBXSourcesBuildPhase section */

/* Begin PBXTargetDependency section */
		C1B684A72D82D31600CA4D3C /* PBXTargetDependency */ = {
			isa = PBXTargetDependency;
			target = C1B684892D82D31500CA4D3C /* CrashItMam */;
			targetProxy = C1B684A62D82D31600CA4D3C /* PBXContainerItemProxy */;
		};
		C1B684B12D82D31600CA4D3C /* PBXTargetDependency */ = {
			isa = PBXTargetDependency;
			target = C1B684892D82D31500CA4D3C /* CrashItMam */;
			targetProxy = C1B684B02D82D31600CA4D3C /* PBXContainerItemProxy */;
		};
/* End PBXTargetDependency section */

/* Begin XCBuildConfiguration section */
		C1B684B92D82D31600CA4D3C /* Debug */ = {
			isa = XCBuildConfiguration;
			buildSettings = {
				ASSETCATALOG_COMPILER_APPICON_NAME = AppIcon;
				ASSETCATALOG_COMPILER_GLOBAL_ACCENT_COLOR_NAME = AccentColor;
				CODE_SIGN_STYLE = Automatic;
				CURRENT_PROJECT_VERSION = 1;
				DEVELOPMENT_TEAM = 9VJ2T78FB3;
				GENERATE_INFOPLIST_FILE = YES;
				INFOPLIST_FILE = CrashItMam/Info.plist;
				INFOPLIST_KEY_UIApplicationSupportsIndirectInputEvents = YES;
				INFOPLIST_KEY_UILaunchStoryboardName = LaunchScreen;
				INFOPLIST_KEY_UIMainStoryboardFile = Main;
				INFOPLIST_KEY_UISupportedInterfaceOrientations_iPad = "UIInterfaceOrientationPortrait UIInterfaceOrientationPortraitUpsideDown UIInterfaceOrientationLandscapeLeft UIInterfaceOrientationLandscapeRight";
				INFOPLIST_KEY_UISupportedInterfaceOrientations_iPhone = "UIInterfaceOrientationPortrait UIInterfaceOrientationLandscapeLeft UIInterfaceOrientationLandscapeRight";
				IPHONEOS_DEPLOYMENT_TARGET = 13;
				LD_RUNPATH_SEARCH_PATHS = (
					"$(inherited)",
					"@executable_path/Frameworks",
				);
				MARKETING_VERSION = 1.0;
				PRODUCT_BUNDLE_IDENTIFIER = nl.afas.CrashItMam;
				PRODUCT_NAME = "$(TARGET_NAME)";
				SWIFT_EMIT_LOC_STRINGS = YES;
				TARGETED_DEVICE_FAMILY = "1,2";
			};
			name = Debug;
		};
		C1B684BA2D82D31600CA4D3C /* Release */ = {
			isa = XCBuildConfiguration;
			buildSettings = {
				ASSETCATALOG_COMPILER_APPICON_NAME = AppIcon;
				ASSETCATALOG_COMPILER_GLOBAL_ACCENT_COLOR_NAME = AccentColor;
				CODE_SIGN_STYLE = Automatic;
				CURRENT_PROJECT_VERSION = 1;
				DEVELOPMENT_TEAM = 9VJ2T78FB3;
				GENERATE_INFOPLIST_FILE = YES;
				INFOPLIST_FILE = CrashItMam/Info.plist;
				INFOPLIST_KEY_UIApplicationSupportsIndirectInputEvents = YES;
				INFOPLIST_KEY_UILaunchStoryboardName = LaunchScreen;
				INFOPLIST_KEY_UIMainStoryboardFile = Main;
				INFOPLIST_KEY_UISupportedInterfaceOrientations_iPad = "UIInterfaceOrientationPortrait UIInterfaceOrientationPortraitUpsideDown UIInterfaceOrientationLandscapeLeft UIInterfaceOrientationLandscapeRight";
				INFOPLIST_KEY_UISupportedInterfaceOrientations_iPhone = "UIInterfaceOrientationPortrait UIInterfaceOrientationLandscapeLeft UIInterfaceOrientationLandscapeRight";
				IPHONEOS_DEPLOYMENT_TARGET = 13;
				LD_RUNPATH_SEARCH_PATHS = (
					"$(inherited)",
					"@executable_path/Frameworks",
				);
				MARKETING_VERSION = 1.0;
				PRODUCT_BUNDLE_IDENTIFIER = nl.afas.CrashItMam;
				PRODUCT_NAME = "$(TARGET_NAME)";
				SWIFT_EMIT_LOC_STRINGS = YES;
				TARGETED_DEVICE_FAMILY = "1,2";
			};
			name = Release;
		};
		C1B684BB2D82D31600CA4D3C /* Debug */ = {
			isa = XCBuildConfiguration;
			buildSettings = {
				ALWAYS_SEARCH_USER_PATHS = NO;
				ASSETCATALOG_COMPILER_GENERATE_SWIFT_ASSET_SYMBOL_EXTENSIONS = YES;
				CLANG_ANALYZER_NONNULL = YES;
				CLANG_ANALYZER_NUMBER_OBJECT_CONVERSION = YES_AGGRESSIVE;
				CLANG_CXX_LANGUAGE_STANDARD = "gnu++20";
				CLANG_ENABLE_MODULES = YES;
				CLANG_ENABLE_OBJC_ARC = YES;
				CLANG_ENABLE_OBJC_WEAK = YES;
				CLANG_WARN_BLOCK_CAPTURE_AUTORELEASING = YES;
				CLANG_WARN_BOOL_CONVERSION = YES;
				CLANG_WARN_COMMA = YES;
				CLANG_WARN_CONSTANT_CONVERSION = YES;
				CLANG_WARN_DEPRECATED_OBJC_IMPLEMENTATIONS = YES;
				CLANG_WARN_DIRECT_OBJC_ISA_USAGE = YES_ERROR;
				CLANG_WARN_DOCUMENTATION_COMMENTS = YES;
				CLANG_WARN_EMPTY_BODY = YES;
				CLANG_WARN_ENUM_CONVERSION = YES;
				CLANG_WARN_INFINITE_RECURSION = YES;
				CLANG_WARN_INT_CONVERSION = YES;
				CLANG_WARN_NON_LITERAL_NULL_CONVERSION = YES;
				CLANG_WARN_OBJC_IMPLICIT_RETAIN_SELF = YES;
				CLANG_WARN_OBJC_LITERAL_CONVERSION = YES;
				CLANG_WARN_OBJC_ROOT_CLASS = YES_ERROR;
				CLANG_WARN_QUOTED_INCLUDE_IN_FRAMEWORK_HEADER = YES;
				CLANG_WARN_RANGE_LOOP_ANALYSIS = YES;
				CLANG_WARN_STRICT_PROTOTYPES = YES;
				CLANG_WARN_SUSPICIOUS_MOVE = YES;
				CLANG_WARN_UNGUARDED_AVAILABILITY = YES_AGGRESSIVE;
				CLANG_WARN_UNREACHABLE_CODE = YES;
				CLANG_WARN__DUPLICATE_METHOD_MATCH = YES;
				COPY_PHASE_STRIP = NO;
				DEBUG_INFORMATION_FORMAT = dwarf;
				ENABLE_STRICT_OBJC_MSGSEND = YES;
				ENABLE_TESTABILITY = YES;
				ENABLE_USER_SCRIPT_SANDBOXING = YES;
				GCC_C_LANGUAGE_STANDARD = gnu17;
				GCC_DYNAMIC_NO_PIC = NO;
				GCC_NO_COMMON_BLOCKS = YES;
				GCC_OPTIMIZATION_LEVEL = 0;
				GCC_PREPROCESSOR_DEFINITIONS = (
					"DEBUG=1",
					"$(inherited)",
				);
				GCC_WARN_64_TO_32_BIT_CONVERSION = YES;
				GCC_WARN_ABOUT_RETURN_TYPE = YES_ERROR;
				GCC_WARN_UNDECLARED_SELECTOR = YES;
				GCC_WARN_UNINITIALIZED_AUTOS = YES_AGGRESSIVE;
				GCC_WARN_UNUSED_FUNCTION = YES;
				GCC_WARN_UNUSED_VARIABLE = YES;
				IPHONEOS_DEPLOYMENT_TARGET = 18.2;
				LOCALIZATION_PREFERS_STRING_CATALOGS = YES;
				MTL_ENABLE_DEBUG_INFO = INCLUDE_SOURCE;
				MTL_FAST_MATH = YES;
				ONLY_ACTIVE_ARCH = YES;
				SDKROOT = iphoneos;
			};
			name = Debug;
		};
		C1B684BC2D82D31600CA4D3C /* Release */ = {
			isa = XCBuildConfiguration;
			buildSettings = {
				ALWAYS_SEARCH_USER_PATHS = NO;
				ASSETCATALOG_COMPILER_GENERATE_SWIFT_ASSET_SYMBOL_EXTENSIONS = YES;
				CLANG_ANALYZER_NONNULL = YES;
				CLANG_ANALYZER_NUMBER_OBJECT_CONVERSION = YES_AGGRESSIVE;
				CLANG_CXX_LANGUAGE_STANDARD = "gnu++20";
				CLANG_ENABLE_MODULES = YES;
				CLANG_ENABLE_OBJC_ARC = YES;
				CLANG_ENABLE_OBJC_WEAK = YES;
				CLANG_WARN_BLOCK_CAPTURE_AUTORELEASING = YES;
				CLANG_WARN_BOOL_CONVERSION = YES;
				CLANG_WARN_COMMA = YES;
				CLANG_WARN_CONSTANT_CONVERSION = YES;
				CLANG_WARN_DEPRECATED_OBJC_IMPLEMENTATIONS = YES;
				CLANG_WARN_DIRECT_OBJC_ISA_USAGE = YES_ERROR;
				CLANG_WARN_DOCUMENTATION_COMMENTS = YES;
				CLANG_WARN_EMPTY_BODY = YES;
				CLANG_WARN_ENUM_CONVERSION = YES;
				CLANG_WARN_INFINITE_RECURSION = YES;
				CLANG_WARN_INT_CONVERSION = YES;
				CLANG_WARN_NON_LITERAL_NULL_CONVERSION = YES;
				CLANG_WARN_OBJC_IMPLICIT_RETAIN_SELF = YES;
				CLANG_WARN_OBJC_LITERAL_CONVERSION = YES;
				CLANG_WARN_OBJC_ROOT_CLASS = YES_ERROR;
				CLANG_WARN_QUOTED_INCLUDE_IN_FRAMEWORK_HEADER = YES;
				CLANG_WARN_RANGE_LOOP_ANALYSIS = YES;
				CLANG_WARN_STRICT_PROTOTYPES = YES;
				CLANG_WARN_SUSPICIOUS_MOVE = YES;
				CLANG_WARN_UNGUARDED_AVAILABILITY = YES_AGGRESSIVE;
				CLANG_WARN_UNREACHABLE_CODE = YES;
				CLANG_WARN__DUPLICATE_METHOD_MATCH = YES;
				COPY_PHASE_STRIP = NO;
				DEBUG_INFORMATION_FORMAT = "dwarf-with-dsym";
				ENABLE_NS_ASSERTIONS = NO;
				ENABLE_STRICT_OBJC_MSGSEND = YES;
				ENABLE_USER_SCRIPT_SANDBOXING = YES;
				GCC_C_LANGUAGE_STANDARD = gnu17;
				GCC_NO_COMMON_BLOCKS = YES;
				GCC_WARN_64_TO_32_BIT_CONVERSION = YES;
				GCC_WARN_ABOUT_RETURN_TYPE = YES_ERROR;
				GCC_WARN_UNDECLARED_SELECTOR = YES;
				GCC_WARN_UNINITIALIZED_AUTOS = YES_AGGRESSIVE;
				GCC_WARN_UNUSED_FUNCTION = YES;
				GCC_WARN_UNUSED_VARIABLE = YES;
				IPHONEOS_DEPLOYMENT_TARGET = 18.2;
				LOCALIZATION_PREFERS_STRING_CATALOGS = YES;
				MTL_ENABLE_DEBUG_INFO = NO;
				MTL_FAST_MATH = YES;
				SDKROOT = iphoneos;
				VALIDATE_PRODUCT = YES;
			};
			name = Release;
		};
		C1B684BE2D82D31600CA4D3C /* Debug */ = {
			isa = XCBuildConfiguration;
			buildSettings = {
				BUNDLE_LOADER = "$(TEST_HOST)";
				CODE_SIGN_STYLE = Automatic;
				CURRENT_PROJECT_VERSION = 1;
				DEVELOPMENT_TEAM = 9VJ2T78FB3;
				GENERATE_INFOPLIST_FILE = YES;
				IPHONEOS_DEPLOYMENT_TARGET = 18.2;
				MARKETING_VERSION = 1.0;
				PRODUCT_BUNDLE_IDENTIFIER = nl.afas.CrashItMamTests;
				PRODUCT_NAME = "$(TARGET_NAME)";
				SWIFT_EMIT_LOC_STRINGS = NO;
				TARGETED_DEVICE_FAMILY = "1,2";
				TEST_HOST = "$(BUILT_PRODUCTS_DIR)/CrashItMam.app/$(BUNDLE_EXECUTABLE_FOLDER_PATH)/CrashItMam";
			};
			name = Debug;
		};
		C1B684BF2D82D31600CA4D3C /* Release */ = {
			isa = XCBuildConfiguration;
			buildSettings = {
				BUNDLE_LOADER = "$(TEST_HOST)";
				CODE_SIGN_STYLE = Automatic;
				CURRENT_PROJECT_VERSION = 1;
				DEVELOPMENT_TEAM = 9VJ2T78FB3;
				GENERATE_INFOPLIST_FILE = YES;
				IPHONEOS_DEPLOYMENT_TARGET = 18.2;
				MARKETING_VERSION = 1.0;
				PRODUCT_BUNDLE_IDENTIFIER = nl.afas.CrashItMamTests;
				PRODUCT_NAME = "$(TARGET_NAME)";
				SWIFT_EMIT_LOC_STRINGS = NO;
				TARGETED_DEVICE_FAMILY = "1,2";
				TEST_HOST = "$(BUILT_PRODUCTS_DIR)/CrashItMam.app/$(BUNDLE_EXECUTABLE_FOLDER_PATH)/CrashItMam";
			};
			name = Release;
		};
		C1B684C12D82D31600CA4D3C /* Debug */ = {
			isa = XCBuildConfiguration;
			buildSettings = {
				CODE_SIGN_STYLE = Automatic;
				CURRENT_PROJECT_VERSION = 1;
				DEVELOPMENT_TEAM = 9VJ2T78FB3;
				GENERATE_INFOPLIST_FILE = YES;
				MARKETING_VERSION = 1.0;
				PRODUCT_BUNDLE_IDENTIFIER = nl.afas.CrashItMamUITests;
				PRODUCT_NAME = "$(TARGET_NAME)";
				SWIFT_EMIT_LOC_STRINGS = NO;
				TARGETED_DEVICE_FAMILY = "1,2";
				TEST_TARGET_NAME = CrashItMam;
			};
			name = Debug;
		};
		C1B684C22D82D31600CA4D3C /* Release */ = {
			isa = XCBuildConfiguration;
			buildSettings = {
				CODE_SIGN_STYLE = Automatic;
				CURRENT_PROJECT_VERSION = 1;
				DEVELOPMENT_TEAM = 9VJ2T78FB3;
				GENERATE_INFOPLIST_FILE = YES;
				MARKETING_VERSION = 1.0;
				PRODUCT_BUNDLE_IDENTIFIER = nl.afas.CrashItMamUITests;
				PRODUCT_NAME = "$(TARGET_NAME)";
				SWIFT_EMIT_LOC_STRINGS = NO;
				TARGETED_DEVICE_FAMILY = "1,2";
				TEST_TARGET_NAME = CrashItMam;
			};
			name = Release;
		};
/* End XCBuildConfiguration section */

/* Begin XCConfigurationList section */
		C1B684852D82D31500CA4D3C /* Build configuration list for PBXProject "CrashItMam" */ = {
			isa = XCConfigurationList;
			buildConfigurations = (
				C1B684BB2D82D31600CA4D3C /* Debug */,
				C1B684BC2D82D31600CA4D3C /* Release */,
			);
			defaultConfigurationIsVisible = 0;
			defaultConfigurationName = Release;
		};
		C1B684B82D82D31600CA4D3C /* Build configuration list for PBXNativeTarget "CrashItMam" */ = {
			isa = XCConfigurationList;
			buildConfigurations = (
				C1B684B92D82D31600CA4D3C /* Debug */,
				C1B684BA2D82D31600CA4D3C /* Release */,
			);
			defaultConfigurationIsVisible = 0;
			defaultConfigurationName = Release;
		};
		C1B684BD2D82D31600CA4D3C /* Build configuration list for PBXNativeTarget "CrashItMamTests" */ = {
			isa = XCConfigurationList;
			buildConfigurations = (
				C1B684BE2D82D31600CA4D3C /* Debug */,
				C1B684BF2D82D31600CA4D3C /* Release */,
			);
			defaultConfigurationIsVisible = 0;
			defaultConfigurationName = Release;
		};
		C1B684C02D82D31600CA4D3C /* Build configuration list for PBXNativeTarget "CrashItMamUITests" */ = {
			isa = XCConfigurationList;
			buildConfigurations = (
				C1B684C12D82D31600CA4D3C /* Debug */,
				C1B684C22D82D31600CA4D3C /* Release */,
			);
			defaultConfigurationIsVisible = 0;
			defaultConfigurationName = Release;
		};
/* End XCConfigurationList section */
	};
	rootObject = C1B684822D82D31500CA4D3C /* Project object */;
}
